
Microsoft Visual Studio Solution File, Format Version 12.00
# Visual Studio 2012
Project("{FAE04EC0-301F-11D3-BF4B-00C04F79EFBC}") = "BinaryCalculator", "BinaryCalculator\BinaryCalculator.csproj", "{808EC0EA-3538-47E7-8362-21D4BD2CBA0E}"
EndProject
Global
	GlobalSection(SolutionConfigurationPlatforms) = preSolution
		Debug|Any CPU = Debug|Any CPU
		Release|Any CPU = Release|Any CPU
	EndGlobalSection
	GlobalSection(ProjectConfigurationPlatforms) = postSolution
		{808EC0EA-3538-47E7-8362-21D4BD2CBA0E}.Debug|Any CPU.ActiveCfg = Debug|Any CPU
		{808EC0EA-3538-47E7-8362-21D4BD2CBA0E}.Debug|Any CPU.Build.0 = Debug|Any CPU
		{808EC0EA-3538-47E7-8362-21D4BD2CBA0E}.Release|Any CPU.ActiveCfg = Release|Any CPU
		{808EC0EA-3538-47E7-8362-21D4BD2CBA0E}.Release|Any CPU.Build.0 = Release|Any CPU
	EndGlobalSection
	GlobalSection(SolutionProperties) = preSolution
		HideSolutionNode = FALSE
	EndGlobalSection
EndGlobal
