
Microsoft Visual Studio Solution File, Format Version 12.00
# Visual Studio 2012
Project("{FAE04EC0-301F-11D3-BF4B-00C04F79EFBC}") = "Starting", "Starting\Starting.csproj", "{30013E27-FCC5-4FB4-9665-9BCF2402AF9E}"
EndProject
Project("{FAE04EC0-301F-11D3-BF4B-00C04F79EFBC}") = "ENDING", "ENDING\ENDING.csproj", "{70840ED4-6C4E-4A21-B5D2-5A27C8FEF321}"
EndProject
Global
	GlobalSection(SolutionConfigurationPlatforms) = preSolution
		Debug|Any CPU = Debug|Any CPU
		Release|Any CPU = Release|Any CPU
	EndGlobalSection
	GlobalSection(ProjectConfigurationPlatforms) = postSolution
		{30013E27-FCC5-4FB4-9665-9BCF2402AF9E}.Debug|Any CPU.ActiveCfg = Debug|Any CPU
		{30013E27-FCC5-4FB4-9665-9BCF2402AF9E}.Debug|Any CPU.Build.0 = Debug|Any CPU
		{30013E27-FCC5-4FB4-9665-9BCF2402AF9E}.Release|Any CPU.ActiveCfg = Release|Any CPU
		{30013E27-FCC5-4FB4-9665-9BCF2402AF9E}.Release|Any CPU.Build.0 = Release|Any CPU
		{70840ED4-6C4E-4A21-B5D2-5A27C8FEF321}.Debug|Any CPU.ActiveCfg = Debug|Any CPU
		{70840ED4-6C4E-4A21-B5D2-5A27C8FEF321}.Debug|Any CPU.Build.0 = Debug|Any CPU
		{70840ED4-6C4E-4A21-B5D2-5A27C8FEF321}.Release|Any CPU.ActiveCfg = Release|Any CPU
		{70840ED4-6C4E-4A21-B5D2-5A27C8FEF321}.Release|Any CPU.Build.0 = Release|Any CPU
	EndGlobalSection
	GlobalSection(SolutionProperties) = preSolution
		HideSolutionNode = FALSE
	EndGlobalSection
EndGlobal
